{
  "nodes": {
    "flake-parts": {
      "inputs": {
        "nixpkgs-lib": "nixpkgs-lib"
      },
      "locked": {
        "lastModified": 1738453229,
        "narHash": "sha256-7H9XgNiGLKN1G1CgRh0vUL4AheZSYzPm+zmZ7vxbJdo=",
        "owner": "hercules-ci",
        "repo": "flake-parts",
        "rev": "32ea77a06711b758da0ad9bd6a844c5740a87abd",
        "type": "github"
      },
      "original": {
        "owner": "hercules-ci",
        "repo": "flake-parts",
        "type": "github"
      }
    },
    "flake-utils": {
      "inputs": {
        "systems": "systems"
      },
      "locked": {
        "lastModified": 1731533236,
        "narHash": "sha256-l0KFg5HjrsfsO/JpG+r7fRrqm12kzFHyUHqHCVpMMbI=",
        "owner": "numtide",
        "repo": "flake-utils",
        "rev": "11707dc2f618dd54ca8739b309ec4fc024de578b",
        "type": "github"
      },
      "original": {
        "owner": "numtide",
        "repo": "flake-utils",
        "type": "github"
      }
    },
    "flake-utils_2": {
      "inputs": {
        "systems": "systems_3"
      },
      "locked": {
        "lastModified": 1731533236,
        "narHash": "sha256-l0KFg5HjrsfsO/JpG+r7fRrqm12kzFHyUHqHCVpMMbI=",
        "owner": "numtide",
        "repo": "flake-utils",
        "rev": "11707dc2f618dd54ca8739b309ec4fc024de578b",
        "type": "github"
      },
      "original": {
        "owner": "numtide",
        "repo": "flake-utils",
        "type": "github"
      }
    },
    "helix": {
      "inputs": {
        "nixpkgs": [
          "nixpkgs"
        ],
        "rust-overlay": "rust-overlay"
      },
      "locked": {
        "lastModified": 1750857684,
        "narHash": "sha256-pbF4oz+HZE/rXsm9YOOA9aV/QnwTvc0zHDTpkaHpYK4=",
        "owner": "helix-editor",
        "repo": "helix",
        "rev": "c3c4895179d4bc5a00e22fdf129d41c1af96226a",
        "type": "github"
      },
      "original": {
        "owner": "helix-editor",
        "repo": "helix",
        "type": "github"
      }
    },
    "home-manager": {
      "inputs": {
        "nixpkgs": "nixpkgs"
      },
      "locked": {
        "lastModified": 1750798083,
        "narHash": "sha256-DTCCcp6WCFaYXWKFRA6fiI2zlvOLCf5Vwx8+/0R8Wc4=",
        "owner": "nix-community",
        "repo": "home-manager",
        "rev": "ff31a4677c1a8ae506aa7e003a3dba08cb203f82",
        "type": "github"
      },
      "original": {
        "owner": "nix-community",
        "ref": "master",
        "repo": "home-manager",
        "type": "github"
      }
    },
    "nixpkgs": {
      "locked": {
        "lastModified": 1750365781,
        "narHash": "sha256-XE/lFNhz5lsriMm/yjXkvSZz5DfvKJLUjsS6pP8EC50=",
        "owner": "NixOS",
        "repo": "nixpkgs",
        "rev": "08f22084e6085d19bcfb4be30d1ca76ecb96fe54",
        "type": "github"
      },
      "original": {
        "owner": "NixOS",
        "ref": "nixos-unstable",
        "repo": "nixpkgs",
        "type": "github"
      }
    },
    "nixpkgs-lib": {
      "locked": {
        "lastModified": 1738452942,
        "narHash": "sha256-vJzFZGaCpnmo7I6i416HaBLpC+hvcURh/BQwROcGIp8=",
        "type": "tarball",
        "url": "https://github.com/NixOS/nixpkgs/archive/072a6db25e947df2f31aab9eccd0ab75d5b2da11.tar.gz"
      },
      "original": {
        "type": "tarball",
        "url": "https://github.com/NixOS/nixpkgs/archive/072a6db25e947df2f31aab9eccd0ab75d5b2da11.tar.gz"
      }
    },
    "nixpkgs_2": {
      "locked": {
        "lastModified": 1750776420,
        "narHash": "sha256-/CG+w0o0oJ5itVklOoLbdn2dGB0wbZVOoDm4np6w09A=",
        "owner": "NixOS",
        "repo": "nixpkgs",
        "rev": "30a61f056ac492e3b7cdcb69c1e6abdcf00e39cf",
        "type": "github"
      },
      "original": {
        "owner": "NixOS",
        "ref": "nixos-unstable",
        "repo": "nixpkgs",
        "type": "github"
      }
    },
    "nixpkgs_3": {
      "locked": {
        "lastModified": 1750365781,
        "narHash": "sha256-XE/lFNhz5lsriMm/yjXkvSZz5DfvKJLUjsS6pP8EC50=",
        "owner": "NixOS",
        "repo": "nixpkgs",
        "rev": "08f22084e6085d19bcfb4be30d1ca76ecb96fe54",
        "type": "github"
      },
      "original": {
        "owner": "NixOS",
        "ref": "nixos-unstable",
        "repo": "nixpkgs",
        "type": "github"
      }
    },
    "nixpkgs_4": {
      "locked": {
        "lastModified": 1740547748,
        "narHash": "sha256-Ly2fBL1LscV+KyCqPRufUBuiw+zmWrlJzpWOWbahplg=",
        "owner": "nixos",
        "repo": "nixpkgs",
        "rev": "3a05eebede89661660945da1f151959900903b6a",
        "type": "github"
      },
      "original": {
        "owner": "nixos",
        "ref": "nixpkgs-unstable",
        "repo": "nixpkgs",
        "type": "github"
      }
    },
    "nixpkgs_5": {
      "locked": {
        "lastModified": 1736320768,
        "narHash": "sha256-nIYdTAiKIGnFNugbomgBJR+Xv5F1ZQU+HfaBqJKroC0=",
        "owner": "NixOS",
        "repo": "nixpkgs",
        "rev": "4bc9c909d9ac828a039f288cf872d16d38185db8",
        "type": "github"
      },
      "original": {
        "owner": "NixOS",
        "ref": "nixpkgs-unstable",
        "repo": "nixpkgs",
        "type": "github"
      }
    },
    "nixpkgs_6": {
      "locked": {
        "lastModified": 1750776420,
        "narHash": "sha256-/CG+w0o0oJ5itVklOoLbdn2dGB0wbZVOoDm4np6w09A=",
        "owner": "NixOS",
        "repo": "nixpkgs",
        "rev": "30a61f056ac492e3b7cdcb69c1e6abdcf00e39cf",
        "type": "github"
      },
      "original": {
        "owner": "NixOS",
        "ref": "nixos-unstable",
        "repo": "nixpkgs",
        "type": "github"
      }
    },
    "root": {
      "inputs": {
        "helix": "helix",
        "home-manager": "home-manager",
        "nixpkgs": "nixpkgs_2",
        "selvit": "selvit",
        "speki": "speki",
        "taptest": "taptest"
      }
    },
    "rust-overlay": {
      "inputs": {
        "nixpkgs": [
          "helix",
          "nixpkgs"
        ]
      },
      "locked": {
        "lastModified": 1740623427,
        "narHash": "sha256-3SdPQrZoa4odlScFDUHd4CUPQ/R1gtH4Mq9u8CBiK8M=",
        "owner": "oxalica",
        "repo": "rust-overlay",
        "rev": "d342e8b5fd88421ff982f383c853f0fc78a847ab",
        "type": "github"
      },
      "original": {
        "owner": "oxalica",
        "repo": "rust-overlay",
        "type": "github"
      }
    },
    "rust-overlay_2": {
      "inputs": {
        "nixpkgs": "nixpkgs_5"
      },
      "locked": {
        "lastModified": 1740623427,
        "narHash": "sha256-3SdPQrZoa4odlScFDUHd4CUPQ/R1gtH4Mq9u8CBiK8M=",
        "owner": "oxalica",
        "repo": "rust-overlay",
        "rev": "d342e8b5fd88421ff982f383c853f0fc78a847ab",
        "type": "github"
      },
      "original": {
        "owner": "oxalica",
        "repo": "rust-overlay",
        "type": "github"
      }
    },
    "selvit": {
      "inputs": {
        "flake-utils": "flake-utils",
        "nixpkgs": "nixpkgs_3"
      },
      "locked": {
        "lastModified": 1750784825,
        "narHash": "sha256-K4UAJfJu1mG9AW45vxLNW8s0k/qz5O6TEbce1s7x9yk=",
        "owner": "tbs1996",
        "repo": "selvit-cli",
        "rev": "fae0260b4b1926eda27662ab1c28d054cb2d7f9e",
        "type": "github"
      },
      "original": {
        "owner": "tbs1996",
        "repo": "selvit-cli",
        "type": "github"
      }
    },
    "speki": {
      "inputs": {
        "flake-parts": "flake-parts",
        "nixpkgs": "nixpkgs_4",
        "rust-overlay": "rust-overlay_2",
        "systems": "systems_2"
      },
      "locked": {
        "lastModified": 1750918352,
        "narHash": "sha256-7NSINsIwpXcGwg3xjOzZI121bT6voEkno2mrPzqstvA=",
        "owner": "tbs1996",
        "repo": "spekispace",
        "rev": "707f125b7983f5174f049aa85fa58c6e9192d228",
        "type": "github"
      },
      "original": {
        "owner": "tbs1996",
        "repo": "spekispace",
        "type": "github"
      }
    },
    "systems": {
      "locked": {
        "lastModified": 1681028828,
        "narHash": "sha256-Vy1rq5AaRuLzOxct8nz4T6wlgyUR7zLU309k9mBC768=",
        "owner": "nix-systems",
        "repo": "default",
        "rev": "da67096a3b9bf56a91d16901293e51ba5b49a27e",
        "type": "github"
      },
      "original": {
        "owner": "nix-systems",
        "repo": "default",
        "type": "github"
      }
    },
    "systems_2": {
      "locked": {
        "lastModified": 1681028828,
        "narHash": "sha256-Vy1rq5AaRuLzOxct8nz4T6wlgyUR7zLU309k9mBC768=",
        "owner": "nix-systems",
        "repo": "default",
        "rev": "da67096a3b9bf56a91d16901293e51ba5b49a27e",
        "type": "github"
      },
      "original": {
        "owner": "nix-systems",
        "repo": "default",
        "type": "github"
      }
    },
    "systems_3": {
      "locked": {
        "lastModified": 1681028828,
        "narHash": "sha256-Vy1rq5AaRuLzOxct8nz4T6wlgyUR7zLU309k9mBC768=",
        "owner": "nix-systems",
        "repo": "default",
        "rev": "da67096a3b9bf56a91d16901293e51ba5b49a27e",
        "type": "github"
      },
      "original": {
        "owner": "nix-systems",
        "repo": "default",
        "type": "github"
      }
    },
    "taptest": {
      "inputs": {
        "flake-utils": "flake-utils_2",
        "nixpkgs": "nixpkgs_6"
      },
      "locked": {
        "lastModified": 1750786007,
        "narHash": "sha256-MX8CpwYDZ44ahttxbhauI1mkvKchH8sGBzHpDYNvwvc=",
        "owner": "tbs1996",
        "repo": "taptest",
        "rev": "8779ad0499afa9892e274f3dfe41801f0eeec899",
        "type": "github"
      },
      "original": {
        "owner": "tbs1996",
        "repo": "taptest",
        "type": "github"
      }
    }
  },
  "root": "root",
  "version": 7
}
