{
  "nodes": {
    "home-manager": {
      "inputs": {
        "nixpkgs": "nixpkgs"
      },
      "locked": {
        "lastModified": 1739784506,
        "narHash": "sha256-9t05KCMChtDJyFnxi1WsZKrHN0UpE7WRjjejqcVIz1g=",
        "owner": "nix-community",
        "repo": "home-manager",
        "rev": "30b9cd6f1a69921e59e71df1214604be62636284",
        "type": "github"
      },
      "original": {
        "owner": "nix-community",
        "ref": "master",
        "repo": "home-manager",
        "type": "github"
      }
    },
    "nixpkgs": {
      "locked": {
        "lastModified": 1739020877,
        "narHash": "sha256-mIvECo/NNdJJ/bXjNqIh8yeoSjVLAuDuTUzAo7dzs8Y=",
        "owner": "NixOS",
        "repo": "nixpkgs",
        "rev": "a79cfe0ebd24952b580b1cf08cd906354996d547",
        "type": "github"
      },
      "original": {
        "owner": "NixOS",
        "ref": "nixos-unstable",
        "repo": "nixpkgs",
        "type": "github"
      }
    },
    "nixpkgs_2": {
      "locked": {
        "lastModified": 1739580444,
        "narHash": "sha256-+/bSz4EAVbqz8/HsIGLroF8aNaO8bLRL7WfACN+24g4=",
        "owner": "NixOS",
        "repo": "nixpkgs",
        "rev": "8bb37161a0488b89830168b81c48aed11569cb93",
        "type": "github"
      },
      "original": {
        "owner": "NixOS",
        "ref": "nixos-unstable",
        "repo": "nixpkgs",
        "type": "github"
      }
    },
    "root": {
      "inputs": {
        "home-manager": "home-manager",
        "nixpkgs": "nixpkgs_2"
      }
    }
  },
  "root": "root",
  "version": 7
}
